// !$*UTF8*$!
{
	archiveVersion = 1;
	classes = {
	};
	objectVersion = 48;
	objects = {

/* Begin PBXBuildFile section */
		2E35F8547B763798E526F611 /* Pods_WeatherMap.framework in Frameworks */ = {isa = PBXBuildFile; fileRef = 2826A62A9FE13229A5D30554 /* Pods_WeatherMap.framework */; };
		BDEC0BD11FEA958D00E0DD95 /* AppDelegate.swift in Sources */ = {isa = PBXBuildFile; fileRef = BDEC0BD01FEA958D00E0DD95 /* AppDelegate.swift */; };
		BDEC0BD31FEA958D00E0DD95 /* ViewController.swift in Sources */ = {isa = PBXBuildFile; fileRef = BDEC0BD21FEA958D00E0DD95 /* ViewController.swift */; };
		BDEC0BD61FEA958D00E0DD95 /* Main.storyboard in Resources */ = {isa = PBXBuildFile; fileRef = BDEC0BD41FEA958D00E0DD95 /* Main.storyboard */; };
		BDEC0BD81FEA958D00E0DD95 /* Assets.xcassets in Resources */ = {isa = PBXBuildFile; fileRef = BDEC0BD71FEA958D00E0DD95 /* Assets.xcassets */; };
		BDEC0BDB1FEA958D00E0DD95 /* LaunchScreen.storyboard in Resources */ = {isa = PBXBuildFile; fileRef = BDEC0BD91FEA958D00E0DD95 /* LaunchScreen.storyboard */; };
		BDFD03EE1FF7E1C7007F6D9F /* WeatherMap.xcdatamodeld in Sources */ = {isa = PBXBuildFile; fileRef = BDFD03EC1FF7E1C7007F6D9F /* WeatherMap.xcdatamodeld */; };
		BDFD03F01FF7ED38007F6D9F /* PoiManager.swift in Sources */ = {isa = PBXBuildFile; fileRef = BDFD03EF1FF7ED38007F6D9F /* PoiManager.swift */; };
		BDFD03F21FF9305C007F6D9F /* MapKit.framework in Frameworks */ = {isa = PBXBuildFile; fileRef = BDFD03F11FF9305C007F6D9F /* MapKit.framework */; };
		BDFFAF501FECFCAD00E6B10F /* LocationSearchTable.swift in Sources */ = {isa = PBXBuildFile; fileRef = BDFFAF4F1FECFCAD00E6B10F /* LocationSearchTable.swift */; };
/* End PBXBuildFile section */

/* Begin PBXFileReference section */
		2826A62A9FE13229A5D30554 /* Pods_WeatherMap.framework */ = {isa = PBXFileReference; explicitFileType = wrapper.framework; includeInIndex = 0; path = Pods_WeatherMap.framework; sourceTree = BUILT_PRODUCTS_DIR; };
		3054BFF5CFBA525CD6C1AEC8 /* Pods-WeatherMap.release.xcconfig */ = {isa = PBXFileReference; includeInIndex = 1; lastKnownFileType = text.xcconfig; name = "Pods-WeatherMap.release.xcconfig"; path = "Pods/Target Support Files/Pods-WeatherMap/Pods-WeatherMap.release.xcconfig"; sourceTree = "<group>"; };
		34E69A46464BEB5DA491B1D9 /* Pods-WeatherMap.debug.xcconfig */ = {isa = PBXFileReference; includeInIndex = 1; lastKnownFileType = text.xcconfig; name = "Pods-WeatherMap.debug.xcconfig"; path = "Pods/Target Support Files/Pods-WeatherMap/Pods-WeatherMap.debug.xcconfig"; sourceTree = "<group>"; };
		BDEC0BCD1FEA958D00E0DD95 /* WeatherMap.app */ = {isa = PBXFileReference; explicitFileType = wrapper.application; includeInIndex = 0; path = WeatherMap.app; sourceTree = BUILT_PRODUCTS_DIR; };
		BDEC0BD01FEA958D00E0DD95 /* AppDelegate.swift */ = {isa = PBXFileReference; lastKnownFileType = sourcecode.swift; path = AppDelegate.swift; sourceTree = "<group>"; };
		BDEC0BD21FEA958D00E0DD95 /* ViewController.swift */ = {isa = PBXFileReference; lastKnownFileType = sourcecode.swift; path = ViewController.swift; sourceTree = "<group>"; };
		BDEC0BD51FEA958D00E0DD95 /* Base */ = {isa = PBXFileReference; lastKnownFileType = file.storyboard; name = Base; path = Base.lproj/Main.storyboard; sourceTree = "<group>"; };
		BDEC0BD71FEA958D00E0DD95 /* Assets.xcassets */ = {isa = PBXFileReference; lastKnownFileType = folder.assetcatalog; path = Assets.xcassets; sourceTree = "<group>"; };
		BDEC0BDA1FEA958D00E0DD95 /* Base */ = {isa = PBXFileReference; lastKnownFileType = file.storyboard; name = Base; path = Base.lproj/LaunchScreen.storyboard; sourceTree = "<group>"; };
		BDEC0BDC1FEA958D00E0DD95 /* Info.plist */ = {isa = PBXFileReference; lastKnownFileType = text.plist.xml; path = Info.plist; sourceTree = "<group>"; };
		BDEC0BE21FEA999F00E0DD95 /* Pods */ = {isa = PBXFileReference; lastKnownFileType = folder; path = Pods; sourceTree = "<group>"; };
		BDFD03ED1FF7E1C7007F6D9F /* WeatherMap.xcdatamodel */ = {isa = PBXFileReference; lastKnownFileType = wrapper.xcdatamodel; path = WeatherMap.xcdatamodel; sourceTree = "<group>"; };
		BDFD03EF1FF7ED38007F6D9F /* PoiManager.swift */ = {isa = PBXFileReference; lastKnownFileType = sourcecode.swift; path = PoiManager.swift; sourceTree = "<group>"; };
		BDFD03F11FF9305C007F6D9F /* MapKit.framework */ = {isa = PBXFileReference; lastKnownFileType = wrapper.framework; name = MapKit.framework; path = System/Library/Frameworks/MapKit.framework; sourceTree = SDKROOT; };
		BDFFAF4F1FECFCAD00E6B10F /* LocationSearchTable.swift */ = {isa = PBXFileReference; lastKnownFileType = sourcecode.swift; path = LocationSearchTable.swift; sourceTree = "<group>"; };
/* End PBXFileReference section */

/* Begin PBXFrameworksBuildPhase section */
		BDEC0BCA1FEA958D00E0DD95 /* Frameworks */ = {
			isa = PBXFrameworksBuildPhase;
			buildActionMask = 2147483647;
			files = (
				BDFD03F21FF9305C007F6D9F /* MapKit.framework in Frameworks */,
				2E35F8547B763798E526F611 /* Pods_WeatherMap.framework in Frameworks */,
			);
			runOnlyForDeploymentPostprocessing = 0;
		};
/* End PBXFrameworksBuildPhase section */

/* Begin PBXGroup section */
		41304A301999092CB96D689A /* Frameworks */ = {
			isa = PBXGroup;
			children = (
				BDFD03F11FF9305C007F6D9F /* MapKit.framework */,
				BDEC0BE21FEA999F00E0DD95 /* Pods */,
				2826A62A9FE13229A5D30554 /* Pods_WeatherMap.framework */,
			);
			name = Frameworks;
			sourceTree = "<group>";
		};
		48A94FDD66203143D7393ADE /* Pods */ = {
			isa = PBXGroup;
			children = (
				34E69A46464BEB5DA491B1D9 /* Pods-WeatherMap.debug.xcconfig */,
				3054BFF5CFBA525CD6C1AEC8 /* Pods-WeatherMap.release.xcconfig */,
			);
			name = Pods;
			sourceTree = "<group>";
		};
		BDEC0BC41FEA958D00E0DD95 = {
			isa = PBXGroup;
			children = (
				BDEC0BCF1FEA958D00E0DD95 /* WeatherMap */,
				BDEC0BCE1FEA958D00E0DD95 /* Products */,
				48A94FDD66203143D7393ADE /* Pods */,
				41304A301999092CB96D689A /* Frameworks */,
			);
			sourceTree = "<group>";
		};
		BDEC0BCE1FEA958D00E0DD95 /* Products */ = {
			isa = PBXGroup;
			children = (
				BDEC0BCD1FEA958D00E0DD95 /* WeatherMap.app */,
			);
			name = Products;
			sourceTree = "<group>";
		};
		BDEC0BCF1FEA958D00E0DD95 /* WeatherMap */ = {
			isa = PBXGroup;
			children = (
				BDEC0BD01FEA958D00E0DD95 /* AppDelegate.swift */,
				BDEC0BD21FEA958D00E0DD95 /* ViewController.swift */,
				BDEC0BD41FEA958D00E0DD95 /* Main.storyboard */,
				BDFD03EF1FF7ED38007F6D9F /* PoiManager.swift */,
				BDFFAF4F1FECFCAD00E6B10F /* LocationSearchTable.swift */,
				BDFD03EC1FF7E1C7007F6D9F /* WeatherMap.xcdatamodeld */,
				BDEC0BD71FEA958D00E0DD95 /* Assets.xcassets */,
				BDEC0BD91FEA958D00E0DD95 /* LaunchScreen.storyboard */,
				BDEC0BDC1FEA958D00E0DD95 /* Info.plist */,
			);
			path = WeatherMap;
			sourceTree = "<group>";
		};
/* End PBXGroup section */

/* Begin PBXNativeTarget section */
		BDEC0BCC1FEA958D00E0DD95 /* WeatherMap */ = {
			isa = PBXNativeTarget;
			buildConfigurationList = BDEC0BDF1FEA958D00E0DD95 /* Build configuration list for PBXNativeTarget "WeatherMap" */;
			buildPhases = (
				08BD38C6A91B23333FFCB449 /* [CP] Check Pods Manifest.lock */,
				BDEC0BC91FEA958D00E0DD95 /* Sources */,
				BDEC0BCA1FEA958D00E0DD95 /* Frameworks */,
				BDEC0BCB1FEA958D00E0DD95 /* Resources */,
				DEA28F6FCE32CE1DD8BA441D /* [CP] Embed Pods Frameworks */,
				C0C21639A1F89C5B08DDF435 /* [CP] Copy Pods Resources */,
			);
			buildRules = (
			);
			dependencies = (
			);
			name = WeatherMap;
			productName = WeatherMap;
			productReference = BDEC0BCD1FEA958D00E0DD95 /* WeatherMap.app */;
			productType = "com.apple.product-type.application";
		};
/* End PBXNativeTarget section */

/* Begin PBXProject section */
		BDEC0BC51FEA958D00E0DD95 /* Project object */ = {
			isa = PBXProject;
			attributes = {
				LastSwiftUpdateCheck = 0920;
				LastUpgradeCheck = 0920;
				ORGANIZATIONNAME = "黃健偉";
				TargetAttributes = {
					BDEC0BCC1FEA958D00E0DD95 = {
						CreatedOnToolsVersion = 9.2;
						ProvisioningStyle = Automatic;
						SystemCapabilities = {
							com.apple.BackgroundModes = {
								enabled = 0;
							};
							com.apple.Maps.iOS = {
								enabled = 1;
							};
						};
					};
				};
			};
			buildConfigurationList = BDEC0BC81FEA958D00E0DD95 /* Build configuration list for PBXProject "WeatherMap" */;
			compatibilityVersion = "Xcode 8.0";
			developmentRegion = en;
			hasScannedForEncodings = 0;
			knownRegions = (
				en,
				Base,
			);
			mainGroup = BDEC0BC41FEA958D00E0DD95;
			productRefGroup = BDEC0BCE1FEA958D00E0DD95 /* Products */;
			projectDirPath = "";
			projectRoot = "";
			targets = (
				BDEC0BCC1FEA958D00E0DD95 /* WeatherMap */,
			);
		};
/* End PBXProject section */

/* Begin PBXResourcesBuildPhase section */
		BDEC0BCB1FEA958D00E0DD95 /* Resources */ = {
			isa = PBXResourcesBuildPhase;
			buildActionMask = 2147483647;
			files = (
				BDEC0BDB1FEA958D00E0DD95 /* LaunchScreen.storyboard in Resources */,
				BDEC0BD81FEA958D00E0DD95 /* Assets.xcassets in Resources */,
				BDEC0BD61FEA958D00E0DD95 /* Main.storyboard in Resources */,
			);
			runOnlyForDeploymentPostprocessing = 0;
		};
/* End PBXResourcesBuildPhase section */

/* Begin PBXShellScriptBuildPhase section */
		08BD38C6A91B23333FFCB449 /* [CP] Check Pods Manifest.lock */ = {
			isa = PBXShellScriptBuildPhase;
			buildActionMask = 2147483647;
			files = (
			);
			inputPaths = (
				"${PODS_PODFILE_DIR_PATH}/Podfile.lock",
				"${PODS_ROOT}/Manifest.lock",
			);
			name = "[CP] Check Pods Manifest.lock";
			outputPaths = (
				"$(DERIVED_FILE_DIR)/Pods-WeatherMap-checkManifestLockResult.txt",
			);
			runOnlyForDeploymentPostprocessing = 0;
			shellPath = /bin/sh;
			shellScript = "diff \"${PODS_PODFILE_DIR_PATH}/Podfile.lock\" \"${PODS_ROOT}/Manifest.lock\" > /dev/null\nif [ $? != 0 ] ; then\n    # print error to STDERR\n    echo \"error: The sandbox is not in sync with the Podfile.lock. Run 'pod install' or update your CocoaPods installation.\" >&2\n    exit 1\nfi\n# This output is used by Xcode 'outputs' to avoid re-running this script phase.\necho \"SUCCESS\" > \"${SCRIPT_OUTPUT_FILE_0}\"\n";
			showEnvVarsInLog = 0;
		};
		C0C21639A1F89C5B08DDF435 /* [CP] Copy Pods Resources */ = {
			isa = PBXShellScriptBuildPhase;
			buildActionMask = 2147483647;
			files = (
			);
			inputPaths = (
			);
			name = "[CP] Copy Pods Resources";
			outputPaths = (
			);
			runOnlyForDeploymentPostprocessing = 0;
			shellPath = /bin/sh;
			shellScript = "\"${SRCROOT}/Pods/Target Support Files/Pods-WeatherMap/Pods-WeatherMap-resources.sh\"\n";
			showEnvVarsInLog = 0;
		};
		DEA28F6FCE32CE1DD8BA441D /* [CP] Embed Pods Frameworks */ = {
			isa = PBXShellScriptBuildPhase;
			buildActionMask = 2147483647;
			files = (
			);
			inputPaths = (
				"${SRCROOT}/Pods/Target Support Files/Pods-WeatherMap/Pods-WeatherMap-frameworks.sh",
				"${BUILT_PRODUCTS_DIR}/Alamofire/Alamofire.framework",
			);
			name = "[CP] Embed Pods Frameworks";
			outputPaths = (
				"${TARGET_BUILD_DIR}/${FRAMEWORKS_FOLDER_PATH}/Alamofire.framework",
			);
			runOnlyForDeploymentPostprocessing = 0;
			shellPath = /bin/sh;
			shellScript = "\"${SRCROOT}/Pods/Target Support Files/Pods-WeatherMap/Pods-WeatherMap-frameworks.sh\"\n";
			showEnvVarsInLog = 0;
		};
/* End PBXShellScriptBuildPhase section */

/* Begin PBXSourcesBuildPhase section */
		BDEC0BC91FEA958D00E0DD95 /* Sources */ = {
			isa = PBXSourcesBuildPhase;
			buildActionMask = 2147483647;
			files = (
				BDFFAF501FECFCAD00E6B10F /* LocationSearchTable.swift in Sources */,
				BDFD03EE1FF7E1C7007F6D9F /* WeatherMap.xcdatamodeld in Sources */,
				BDEC0BD31FEA958D00E0DD95 /* ViewController.swift in Sources */,
				BDFD03F01FF7ED38007F6D9F /* PoiManager.swift in Sources */,
				BDEC0BD11FEA958D00E0DD95 /* AppDelegate.swift in Sources */,
			);
			runOnlyForDeploymentPostprocessing = 0;
		};
/* End PBXSourcesBuildPhase section */

/* Begin PBXVariantGroup section */
		BDEC0BD41FEA958D00E0DD95 /* Main.storyboard */ = {
			isa = PBXVariantGroup;
			children = (
				BDEC0BD51FEA958D00E0DD95 /* Base */,
			);
			name = Main.storyboard;
			sourceTree = "<group>";
		};
		BDEC0BD91FEA958D00E0DD95 /* LaunchScreen.storyboard */ = {
			isa = PBXVariantGroup;
			children = (
				BDEC0BDA1FEA958D00E0DD95 /* Base */,
			);
			name = LaunchScreen.storyboard;
			sourceTree = "<group>";
		};
/* End PBXVariantGroup section */

/* Begin XCBuildConfiguration section */
		BDEC0BDD1FEA958D00E0DD95 /* Debug */ = {
			isa = XCBuildConfiguration;
			buildSettings = {
				ALWAYS_SEARCH_USER_PATHS = NO;
				CLANG_ANALYZER_NONNULL = YES;
				CLANG_ANALYZER_NUMBER_OBJECT_CONVERSION = YES_AGGRESSIVE;
				CLANG_CXX_LANGUAGE_STANDARD = "gnu++14";
				CLANG_CXX_LIBRARY = "libc++";
				CLANG_ENABLE_MODULES = YES;
				CLANG_ENABLE_OBJC_ARC = YES;
				CLANG_WARN_BLOCK_CAPTURE_AUTORELEASING = YES;
				CLANG_WARN_BOOL_CONVERSION = YES;
				CLANG_WARN_COMMA = YES;
				CLANG_WARN_CONSTANT_CONVERSION = YES;
				CLANG_WARN_DIRECT_OBJC_ISA_USAGE = YES_ERROR;
				CLANG_WARN_DOCUMENTATION_COMMENTS = YES;
				CLANG_WARN_EMPTY_BODY = YES;
				CLANG_WARN_ENUM_CONVERSION = YES;
				CLANG_WARN_INFINITE_RECURSION = YES;
				CLANG_WARN_INT_CONVERSION = YES;
				CLANG_WARN_NON_LITERAL_NULL_CONVERSION = YES;
				CLANG_WARN_OBJC_LITERAL_CONVERSION = YES;
				CLANG_WARN_OBJC_ROOT_CLASS = YES_ERROR;
				CLANG_WARN_RANGE_LOOP_ANALYSIS = YES;
				CLANG_WARN_STRICT_PROTOTYPES = YES;
				CLANG_WARN_SUSPICIOUS_MOVE = YES;
				CLANG_WARN_UNGUARDED_AVAILABILITY = YES_AGGRESSIVE;
				CLANG_WARN_UNREACHABLE_CODE = YES;
				CLANG_WARN__DUPLICATE_METHOD_MATCH = YES;
				CODE_SIGN_IDENTITY = "iPhone Developer";
				COPY_PHASE_STRIP = NO;
				DEBUG_INFORMATION_FORMAT = dwarf;
				ENABLE_STRICT_OBJC_MSGSEND = YES;
				ENABLE_TESTABILITY = YES;
				GCC_C_LANGUAGE_STANDARD = gnu11;
				GCC_DYNAMIC_NO_PIC = NO;
				GCC_NO_COMMON_BLOCKS = YES;
				GCC_OPTIMIZATION_LEVEL = 0;
				GCC_PREPROCESSOR_DEFINITIONS = (
					"DEBUG=1",
					"$(inherited)",
				);
				GCC_WARN_64_TO_32_BIT_CONVERSION = YES;
				GCC_WARN_ABOUT_RETURN_TYPE = YES_ERROR;
				GCC_WARN_UNDECLARED_SELECTOR = YES;
				GCC_WARN_UNINITIALIZED_AUTOS = YES_AGGRESSIVE;
				GCC_WARN_UNUSED_FUNCTION = YES;
				GCC_WARN_UNUSED_VARIABLE = YES;
				IPHONEOS_DEPLOYMENT_TARGET = 11.2;
				MTL_ENABLE_DEBUG_INFO = YES;
				ONLY_ACTIVE_ARCH = YES;
				SDKROOT = iphoneos;
				SWIFT_ACTIVE_COMPILATION_CONDITIONS = DEBUG;
				SWIFT_OPTIMIZATION_LEVEL = "-Onone";
			};
			name = Debug;
		};
		BDEC0BDE1FEA958D00E0DD95 /* Release */ = {
			isa = XCBuildConfiguration;
			buildSettings = {
				ALWAYS_SEARCH_USER_PATHS = NO;
				CLANG_ANALYZER_NONNULL = YES;
				CLANG_ANALYZER_NUMBER_OBJECT_CONVERSION = YES_AGGRESSIVE;
				CLANG_CXX_LANGUAGE_STANDARD = "gnu++14";
				CLANG_CXX_LIBRARY = "libc++";
				CLANG_ENABLE_MODULES = YES;
				CLANG_ENABLE_OBJC_ARC = YES;
				CLANG_WARN_BLOCK_CAPTURE_AUTORELEASING = YES;
				CLANG_WARN_BOOL_CONVERSION = YES;
				CLANG_WARN_COMMA = YES;
				CLANG_WARN_CONSTANT_CONVERSION = YES;
				CLANG_WARN_DIRECT_OBJC_ISA_USAGE = YES_ERROR;
				CLANG_WARN_DOCUMENTATION_COMMENTS = YES;
				CLANG_WARN_EMPTY_BODY = YES;
				CLANG_WARN_ENUM_CONVERSION = YES;
				CLANG_WARN_INFINITE_RECURSION = YES;
				CLANG_WARN_INT_CONVERSION = YES;
				CLANG_WARN_NON_LITERAL_NULL_CONVERSION = YES;
				CLANG_WARN_OBJC_LITERAL_CONVERSION = YES;
				CLANG_WARN_OBJC_ROOT_CLASS = YES_ERROR;
				CLANG_WARN_RANGE_LOOP_ANALYSIS = YES;
				CLANG_WARN_STRICT_PROTOTYPES = YES;
				CLANG_WARN_SUSPICIOUS_MOVE = YES;
				CLANG_WARN_UNGUARDED_AVAILABILITY = YES_AGGRESSIVE;
				CLANG_WARN_UNREACHABLE_CODE = YES;
				CLANG_WARN__DUPLICATE_METHOD_MATCH = YES;
				CODE_SIGN_IDENTITY = "iPhone Developer";
				COPY_PHASE_STRIP = NO;
				DEBUG_INFORMATION_FORMAT = "dwarf-with-dsym";
				ENABLE_NS_ASSERTIONS = NO;
				ENABLE_STRICT_OBJC_MSGSEND = YES;
				GCC_C_LANGUAGE_STANDARD = gnu11;
				GCC_NO_COMMON_BLOCKS = YES;
				GCC_WARN_64_TO_32_BIT_CONVERSION = YES;
				GCC_WARN_ABOUT_RETURN_TYPE = YES_ERROR;
				GCC_WARN_UNDECLARED_SELECTOR = YES;
				GCC_WARN_UNINITIALIZED_AUTOS = YES_AGGRESSIVE;
				GCC_WARN_UNUSED_FUNCTION = YES;
				GCC_WARN_UNUSED_VARIABLE = YES;
				IPHONEOS_DEPLOYMENT_TARGET = 11.2;
				MTL_ENABLE_DEBUG_INFO = NO;
				SDKROOT = iphoneos;
				SWIFT_OPTIMIZATION_LEVEL = "-Owholemodule";
				VALIDATE_PRODUCT = YES;
			};
			name = Release;
		};
		BDEC0BE01FEA958D00E0DD95 /* Debug */ = {
			isa = XCBuildConfiguration;
			baseConfigurationReference = 34E69A46464BEB5DA491B1D9 /* Pods-WeatherMap.debug.xcconfig */;
			buildSettings = {
				ASSETCATALOG_COMPILER_APPICON_NAME = AppIcon;
				CODE_SIGN_STYLE = Automatic;
				DEVELOPMENT_TEAM = X275EE44EJ;
				INFOPLIST_FILE = WeatherMap/Info.plist;
				LD_RUNPATH_SEARCH_PATHS = "$(inherited) @executable_path/Frameworks";
				PRODUCT_BUNDLE_IDENTIFIER = Johnson.WeatherMap;
				PRODUCT_NAME = "$(TARGET_NAME)";
				SWIFT_VERSION = 4.0;
				TARGETED_DEVICE_FAMILY = "1,2";
			};
			name = Debug;
		};
		BDEC0BE11FEA958D00E0DD95 /* Release */ = {
			isa = XCBuildConfiguration;
			baseConfigurationReference = 3054BFF5CFBA525CD6C1AEC8 /* Pods-WeatherMap.release.xcconfig */;
			buildSettings = {
				ASSETCATALOG_COMPILER_APPICON_NAME = AppIcon;
				CODE_SIGN_STYLE = Automatic;
				DEVELOPMENT_TEAM = X275EE44EJ;
				INFOPLIST_FILE = WeatherMap/Info.plist;
				LD_RUNPATH_SEARCH_PATHS = "$(inherited) @executable_path/Frameworks";
				PRODUCT_BUNDLE_IDENTIFIER = Johnson.WeatherMap;
				PRODUCT_NAME = "$(TARGET_NAME)";
				SWIFT_VERSION = 4.0;
				TARGETED_DEVICE_FAMILY = "1,2";
			};
			name = Release;
		};
/* End XCBuildConfiguration section */

/* Begin XCConfigurationList section */
		BDEC0BC81FEA958D00E0DD95 /* Build configuration list for PBXProject "WeatherMap" */ = {
			isa = XCConfigurationList;
			buildConfigurations = (
				BDEC0BDD1FEA958D00E0DD95 /* Debug */,
				BDEC0BDE1FEA958D00E0DD95 /* Release */,
			);
			defaultConfigurationIsVisible = 0;
			defaultConfigurationName = Release;
		};
		BDEC0BDF1FEA958D00E0DD95 /* Build configuration list for PBXNativeTarget "WeatherMap" */ = {
			isa = XCConfigurationList;
			buildConfigurations = (
				BDEC0BE01FEA958D00E0DD95 /* Debug */,
				BDEC0BE11FEA958D00E0DD95 /* Release */,
			);
			defaultConfigurationIsVisible = 0;
			defaultConfigurationName = Release;
		};
/* End XCConfigurationList section */

/* Begin XCVersionGroup section */
		BDFD03EC1FF7E1C7007F6D9F /* WeatherMap.xcdatamodeld */ = {
			isa = XCVersionGroup;
			children = (
				BDFD03ED1FF7E1C7007F6D9F /* WeatherMap.xcdatamodel */,
			);
			currentVersion = BDFD03ED1FF7E1C7007F6D9F /* WeatherMap.xcdatamodel */;
			path = WeatherMap.xcdatamodeld;
			sourceTree = "<group>";
			versionGroupType = wrapper.xcdatamodel;
		};
/* End XCVersionGroup section */
	};
	rootObject = BDEC0BC51FEA958D00E0DD95 /* Project object */;
}
